
Microsoft Visual Studio Solution File, Format Version 12.00
# Visual Studio 15
VisualStudioVersion = 15.0.27428.2011
MinimumVisualStudioVersion = 10.0.40219.1
Project("{FAE04EC0-301F-11D3-BF4B-00C04F79EFBC}") = "IP2C.NET", "IP2C.NET\IP2C.NET.csproj", "{76630D12-8D83-4B59-B8D6-99F930C153E2}"
EndProject
Project("{FAE04EC0-301F-11D3-BF4B-00C04F79EFBC}") = "IP2CTest", "IP2CTest\IP2CTest.csproj", "{474F91C5-E03E-47FF-8D78-522A8461F1FC}"
EndProject
Project("{FAE04EC0-301F-11D3-BF4B-00C04F79EFBC}") = "IP2C.WebAPI", "IP2C.WebAPI\IP2C.WebAPI.csproj", "{67ED0672-4A9D-45AF-8173-EC752CD8C099}"
EndProject
Project("{FAE04EC0-301F-11D3-BF4B-00C04F79EFBC}") = "IP2C.Worker", "IP2C.Worker\IP2C.Worker.csproj", "{864A13D6-94DF-472B-B048-7755F6D09FD9}"
EndProject
Project("{FAE04EC0-301F-11D3-BF4B-00C04F79EFBC}") = "IP2C.SDK", "IP2C.SDK\IP2C.SDK.csproj", "{876B7192-07E4-43FA-97F7-D147E39F4E0E}"
EndProject
Project("{2150E333-8FDC-42A3-9474-1A3956D46DE8}") = "Solution Items", "Solution Items", "{F0ADF941-DD49-46DD-99BD-2B0B67B6A8F5}"
	ProjectSection(SolutionItems) = preProject
		build.cmd = build.cmd
		docker-compose.yml = docker-compose.yml
		README.md = README.md
	EndProjectSection
EndProject
Project("{FAE04EC0-301F-11D3-BF4B-00C04F79EFBC}") = "IP2CTest.Console", "IP2CTest.Console\IP2CTest.Console.csproj", "{AF017B0F-2C0F-46E9-B927-8D554D205F37}"
EndProject
Project("{FAE04EC0-301F-11D3-BF4B-00C04F79EFBC}") = "IP2C.WebAPI.SelfHost", "IP2C.WebAPI.SelfHost\IP2C.WebAPI.SelfHost.csproj", "{8CF52D56-3D6B-437F-8C86-0931C3F30C75}"
EndProject
Global
	GlobalSection(SolutionConfigurationPlatforms) = preSolution
		Debug|Any CPU = Debug|Any CPU
		Release|Any CPU = Release|Any CPU
	EndGlobalSection
	GlobalSection(ProjectConfigurationPlatforms) = postSolution
		{76630D12-8D83-4B59-B8D6-99F930C153E2}.Debug|Any CPU.ActiveCfg = Debug|Any CPU
		{76630D12-8D83-4B59-B8D6-99F930C153E2}.Debug|Any CPU.Build.0 = Debug|Any CPU
		{76630D12-8D83-4B59-B8D6-99F930C153E2}.Release|Any CPU.ActiveCfg = Release|Any CPU
		{76630D12-8D83-4B59-B8D6-99F930C153E2}.Release|Any CPU.Build.0 = Release|Any CPU
		{474F91C5-E03E-47FF-8D78-522A8461F1FC}.Debug|Any CPU.ActiveCfg = Debug|Any CPU
		{474F91C5-E03E-47FF-8D78-522A8461F1FC}.Debug|Any CPU.Build.0 = Debug|Any CPU
		{474F91C5-E03E-47FF-8D78-522A8461F1FC}.Release|Any CPU.ActiveCfg = Release|Any CPU
		{474F91C5-E03E-47FF-8D78-522A8461F1FC}.Release|Any CPU.Build.0 = Release|Any CPU
		{67ED0672-4A9D-45AF-8173-EC752CD8C099}.Debug|Any CPU.ActiveCfg = Debug|Any CPU
		{67ED0672-4A9D-45AF-8173-EC752CD8C099}.Debug|Any CPU.Build.0 = Debug|Any CPU
		{67ED0672-4A9D-45AF-8173-EC752CD8C099}.Release|Any CPU.ActiveCfg = Release|Any CPU
		{67ED0672-4A9D-45AF-8173-EC752CD8C099}.Release|Any CPU.Build.0 = Release|Any CPU
		{864A13D6-94DF-472B-B048-7755F6D09FD9}.Debug|Any CPU.ActiveCfg = Debug|Any CPU
		{864A13D6-94DF-472B-B048-7755F6D09FD9}.Debug|Any CPU.Build.0 = Debug|Any CPU
		{864A13D6-94DF-472B-B048-7755F6D09FD9}.Release|Any CPU.ActiveCfg = Release|Any CPU
		{864A13D6-94DF-472B-B048-7755F6D09FD9}.Release|Any CPU.Build.0 = Release|Any CPU
		{876B7192-07E4-43FA-97F7-D147E39F4E0E}.Debug|Any CPU.ActiveCfg = Debug|Any CPU
		{876B7192-07E4-43FA-97F7-D147E39F4E0E}.Debug|Any CPU.Build.0 = Debug|Any CPU
		{876B7192-07E4-43FA-97F7-D147E39F4E0E}.Release|Any CPU.ActiveCfg = Release|Any CPU
		{876B7192-07E4-43FA-97F7-D147E39F4E0E}.Release|Any CPU.Build.0 = Release|Any CPU
		{AF017B0F-2C0F-46E9-B927-8D554D205F37}.Debug|Any CPU.ActiveCfg = Debug|Any CPU
		{AF017B0F-2C0F-46E9-B927-8D554D205F37}.Debug|Any CPU.Build.0 = Debug|Any CPU
		{AF017B0F-2C0F-46E9-B927-8D554D205F37}.Release|Any CPU.ActiveCfg = Release|Any CPU
		{AF017B0F-2C0F-46E9-B927-8D554D205F37}.Release|Any CPU.Build.0 = Release|Any CPU
		{8CF52D56-3D6B-437F-8C86-0931C3F30C75}.Debug|Any CPU.ActiveCfg = Debug|Any CPU
		{8CF52D56-3D6B-437F-8C86-0931C3F30C75}.Debug|Any CPU.Build.0 = Debug|Any CPU
		{8CF52D56-3D6B-437F-8C86-0931C3F30C75}.Release|Any CPU.ActiveCfg = Release|Any CPU
		{8CF52D56-3D6B-437F-8C86-0931C3F30C75}.Release|Any CPU.Build.0 = Release|Any CPU
	EndGlobalSection
	GlobalSection(SolutionProperties) = preSolution
		HideSolutionNode = FALSE
	EndGlobalSection
	GlobalSection(ExtensibilityGlobals) = postSolution
		SolutionGuid = {8C72533D-1B79-47A2-BB93-19B52D5C4166}
	EndGlobalSection
EndGlobal
